
Microsoft Visual Studio Solution File, Format Version 12.00
# Visual Studio Version 17
VisualStudioVersion = 17.0.31903.59
MinimumVisualStudioVersion = 10.0.40219.1
Project("{FAE04EC0-301F-11D3-BF4B-00C04F79EFBC}") = "EduFlow.Api", "EduFlow.Api\EduFlow.Api.csproj", "{06D6239D-2A79-430D-BE4C-302FF4F0F001}"
EndProject
Project("{FAE04EC0-301F-11D3-BF4B-00C04F79EFBC}") = "EduFlow.Web", "EduFlow.Web\EduFlow.Web.csproj", "{E850EEEC-FA5E-4B54-8D80-C4AB9AAF56EE}"
EndProject
Project("{FAE04EC0-301F-11D3-BF4B-00C04F79EFBC}") = "EduFlow.Shared", "EduFlow.Shared\EduFlow.Shared.csproj", "{06BEBB82-3DBC-4D80-9DB7-BB505391D4B3}"
EndProject
Global
	GlobalSection(SolutionConfigurationPlatforms) = preSolution
		Debug|Any CPU = Debug|Any CPU
		Release|Any CPU = Release|Any CPU
	EndGlobalSection
	GlobalSection(SolutionProperties) = preSolution
		HideSolutionNode = FALSE
	EndGlobalSection
	GlobalSection(ProjectConfigurationPlatforms) = postSolution
		{06D6239D-2A79-430D-BE4C-302FF4F0F001}.Debug|Any CPU.ActiveCfg = Debug|Any CPU
		{06D6239D-2A79-430D-BE4C-302FF4F0F001}.Debug|Any CPU.Build.0 = Debug|Any CPU
		{06D6239D-2A79-430D-BE4C-302FF4F0F001}.Release|Any CPU.ActiveCfg = Release|Any CPU
		{06D6239D-2A79-430D-BE4C-302FF4F0F001}.Release|Any CPU.Build.0 = Release|Any CPU
		{E850EEEC-FA5E-4B54-8D80-C4AB9AAF56EE}.Debug|Any CPU.ActiveCfg = Debug|Any CPU
		{E850EEEC-FA5E-4B54-8D80-C4AB9AAF56EE}.Debug|Any CPU.Build.0 = Debug|Any CPU
		{E850EEEC-FA5E-4B54-8D80-C4AB9AAF56EE}.Release|Any CPU.ActiveCfg = Release|Any CPU
		{E850EEEC-FA5E-4B54-8D80-C4AB9AAF56EE}.Release|Any CPU.Build.0 = Release|Any CPU
		{06BEBB82-3DBC-4D80-9DB7-BB505391D4B3}.Debug|Any CPU.ActiveCfg = Debug|Any CPU
		{06BEBB82-3DBC-4D80-9DB7-BB505391D4B3}.Debug|Any CPU.Build.0 = Debug|Any CPU
		{06BEBB82-3DBC-4D80-9DB7-BB505391D4B3}.Release|Any CPU.ActiveCfg = Release|Any CPU
		{06BEBB82-3DBC-4D80-9DB7-BB505391D4B3}.Release|Any CPU.Build.0 = Release|Any CPU
	EndGlobalSection
EndGlobal
